
Microsoft Visual Studio Solution File, Format Version 12.00
# Visual Studio Version 16
VisualStudioVersion = 16.6.30114.105
MinimumVisualStudioVersion = 10.0.40219.1
Project("{FAE04EC0-301F-11D3-BF4B-00C04F79EFBC}") = "Penguin.Persistence.Abstractions.Local", "Penguin.Persistence.Abstractions.Local.csproj", "{E21C5F5D-CBD6-41BE-90DD-8A36130D1761}"
EndProject
Project("{FAE04EC0-301F-11D3-BF4B-00C04F79EFBC}") = "Penguin.Entities.Abstractions.Local", "..\Penguin.Entities.Abstractions\Penguin.Entities.Abstractions.Local.csproj", "{6F420939-9DAD-488D-BF69-63DF01C330EA}"
EndProject
Project("{FAE04EC0-301F-11D3-BF4B-00C04F79EFBC}") = "Penguin.Reflection.Extensions.Local", "..\Penguin.Reflection.Extensions\Penguin.Reflection.Extensions.Local.csproj", "{6002A009-9609-45BD-90DA-14D3F4249103}"
EndProject
Project("{FAE04EC0-301F-11D3-BF4B-00C04F79EFBC}") = "Penguin.Reflection.Abstractions.Local", "..\Penguin.Reflection.Abstractions\Penguin.Reflection.Abstractions.Local.csproj", "{164A99CF-2B1C-4CD6-8E7E-0FFD7FB7C68A}"
EndProject
Project("{FAE04EC0-301F-11D3-BF4B-00C04F79EFBC}") = "Penguin.Extensions.String.Local", "..\Penguin.Extensions.String\Penguin.Extensions.String.Local.csproj", "{53149B00-F3FD-40DE-972D-5CDC74E6E48D}"
EndProject
Global
	GlobalSection(SolutionConfigurationPlatforms) = preSolution
		Debug|Any CPU = Debug|Any CPU
		Debug|x64 = Debug|x64
		Debug|x86 = Debug|x86
		Release|Any CPU = Release|Any CPU
		Release|x64 = Release|x64
		Release|x86 = Release|x86
	EndGlobalSection
	GlobalSection(SolutionProperties) = preSolution
		HideSolutionNode = FALSE
	EndGlobalSection
	GlobalSection(ProjectConfigurationPlatforms) = postSolution
		{E21C5F5D-CBD6-41BE-90DD-8A36130D1761}.Debug|Any CPU.ActiveCfg = Debug|Any CPU
		{E21C5F5D-CBD6-41BE-90DD-8A36130D1761}.Debug|Any CPU.Build.0 = Debug|Any CPU
		{E21C5F5D-CBD6-41BE-90DD-8A36130D1761}.Debug|x64.ActiveCfg = Debug|Any CPU
		{E21C5F5D-CBD6-41BE-90DD-8A36130D1761}.Debug|x64.Build.0 = Debug|Any CPU
		{E21C5F5D-CBD6-41BE-90DD-8A36130D1761}.Debug|x86.ActiveCfg = Debug|Any CPU
		{E21C5F5D-CBD6-41BE-90DD-8A36130D1761}.Debug|x86.Build.0 = Debug|Any CPU
		{E21C5F5D-CBD6-41BE-90DD-8A36130D1761}.Release|Any CPU.ActiveCfg = Release|Any CPU
		{E21C5F5D-CBD6-41BE-90DD-8A36130D1761}.Release|Any CPU.Build.0 = Release|Any CPU
		{E21C5F5D-CBD6-41BE-90DD-8A36130D1761}.Release|x64.ActiveCfg = Release|Any CPU
		{E21C5F5D-CBD6-41BE-90DD-8A36130D1761}.Release|x64.Build.0 = Release|Any CPU
		{E21C5F5D-CBD6-41BE-90DD-8A36130D1761}.Release|x86.ActiveCfg = Release|Any CPU
		{E21C5F5D-CBD6-41BE-90DD-8A36130D1761}.Release|x86.Build.0 = Release|Any CPU
		{6F420939-9DAD-488D-BF69-63DF01C330EA}.Debug|Any CPU.ActiveCfg = Debug|Any CPU
		{6F420939-9DAD-488D-BF69-63DF01C330EA}.Debug|Any CPU.Build.0 = Debug|Any CPU
		{6F420939-9DAD-488D-BF69-63DF01C330EA}.Debug|x64.ActiveCfg = Debug|Any CPU
		{6F420939-9DAD-488D-BF69-63DF01C330EA}.Debug|x64.Build.0 = Debug|Any CPU
		{6F420939-9DAD-488D-BF69-63DF01C330EA}.Debug|x86.ActiveCfg = Debug|Any CPU
		{6F420939-9DAD-488D-BF69-63DF01C330EA}.Debug|x86.Build.0 = Debug|Any CPU
		{6F420939-9DAD-488D-BF69-63DF01C330EA}.Release|Any CPU.ActiveCfg = Release|Any CPU
		{6F420939-9DAD-488D-BF69-63DF01C330EA}.Release|Any CPU.Build.0 = Release|Any CPU
		{6F420939-9DAD-488D-BF69-63DF01C330EA}.Release|x64.ActiveCfg = Release|Any CPU
		{6F420939-9DAD-488D-BF69-63DF01C330EA}.Release|x64.Build.0 = Release|Any CPU
		{6F420939-9DAD-488D-BF69-63DF01C330EA}.Release|x86.ActiveCfg = Release|Any CPU
		{6F420939-9DAD-488D-BF69-63DF01C330EA}.Release|x86.Build.0 = Release|Any CPU
		{6002A009-9609-45BD-90DA-14D3F4249103}.Debug|Any CPU.ActiveCfg = Debug|Any CPU
		{6002A009-9609-45BD-90DA-14D3F4249103}.Debug|Any CPU.Build.0 = Debug|Any CPU
		{6002A009-9609-45BD-90DA-14D3F4249103}.Debug|x64.ActiveCfg = Debug|Any CPU
		{6002A009-9609-45BD-90DA-14D3F4249103}.Debug|x64.Build.0 = Debug|Any CPU
		{6002A009-9609-45BD-90DA-14D3F4249103}.Debug|x86.ActiveCfg = Debug|Any CPU
		{6002A009-9609-45BD-90DA-14D3F4249103}.Debug|x86.Build.0 = Debug|Any CPU
		{6002A009-9609-45BD-90DA-14D3F4249103}.Release|Any CPU.ActiveCfg = Release|Any CPU
		{6002A009-9609-45BD-90DA-14D3F4249103}.Release|Any CPU.Build.0 = Release|Any CPU
		{6002A009-9609-45BD-90DA-14D3F4249103}.Release|x64.ActiveCfg = Release|Any CPU
		{6002A009-9609-45BD-90DA-14D3F4249103}.Release|x64.Build.0 = Release|Any CPU
		{6002A009-9609-45BD-90DA-14D3F4249103}.Release|x86.ActiveCfg = Release|Any CPU
		{6002A009-9609-45BD-90DA-14D3F4249103}.Release|x86.Build.0 = Release|Any CPU
		{164A99CF-2B1C-4CD6-8E7E-0FFD7FB7C68A}.Debug|Any CPU.ActiveCfg = Debug|Any CPU
		{164A99CF-2B1C-4CD6-8E7E-0FFD7FB7C68A}.Debug|Any CPU.Build.0 = Debug|Any CPU
		{164A99CF-2B1C-4CD6-8E7E-0FFD7FB7C68A}.Debug|x64.ActiveCfg = Debug|Any CPU
		{164A99CF-2B1C-4CD6-8E7E-0FFD7FB7C68A}.Debug|x64.Build.0 = Debug|Any CPU
		{164A99CF-2B1C-4CD6-8E7E-0FFD7FB7C68A}.Debug|x86.ActiveCfg = Debug|Any CPU
		{164A99CF-2B1C-4CD6-8E7E-0FFD7FB7C68A}.Debug|x86.Build.0 = Debug|Any CPU
		{164A99CF-2B1C-4CD6-8E7E-0FFD7FB7C68A}.Release|Any CPU.ActiveCfg = Release|Any CPU
		{164A99CF-2B1C-4CD6-8E7E-0FFD7FB7C68A}.Release|Any CPU.Build.0 = Release|Any CPU
		{164A99CF-2B1C-4CD6-8E7E-0FFD7FB7C68A}.Release|x64.ActiveCfg = Release|Any CPU
		{164A99CF-2B1C-4CD6-8E7E-0FFD7FB7C68A}.Release|x64.Build.0 = Release|Any CPU
		{164A99CF-2B1C-4CD6-8E7E-0FFD7FB7C68A}.Release|x86.ActiveCfg = Release|Any CPU
		{164A99CF-2B1C-4CD6-8E7E-0FFD7FB7C68A}.Release|x86.Build.0 = Release|Any CPU
		{53149B00-F3FD-40DE-972D-5CDC74E6E48D}.Debug|Any CPU.ActiveCfg = Debug|Any CPU
		{53149B00-F3FD-40DE-972D-5CDC74E6E48D}.Debug|Any CPU.Build.0 = Debug|Any CPU
		{53149B00-F3FD-40DE-972D-5CDC74E6E48D}.Debug|x64.ActiveCfg = Debug|Any CPU
		{53149B00-F3FD-40DE-972D-5CDC74E6E48D}.Debug|x64.Build.0 = Debug|Any CPU
		{53149B00-F3FD-40DE-972D-5CDC74E6E48D}.Debug|x86.ActiveCfg = Debug|Any CPU
		{53149B00-F3FD-40DE-972D-5CDC74E6E48D}.Debug|x86.Build.0 = Debug|Any CPU
		{53149B00-F3FD-40DE-972D-5CDC74E6E48D}.Release|Any CPU.ActiveCfg = Release|Any CPU
		{53149B00-F3FD-40DE-972D-5CDC74E6E48D}.Release|Any CPU.Build.0 = Release|Any CPU
		{53149B00-F3FD-40DE-972D-5CDC74E6E48D}.Release|x64.ActiveCfg = Release|Any CPU
		{53149B00-F3FD-40DE-972D-5CDC74E6E48D}.Release|x64.Build.0 = Release|Any CPU
		{53149B00-F3FD-40DE-972D-5CDC74E6E48D}.Release|x86.ActiveCfg = Release|Any CPU
		{53149B00-F3FD-40DE-972D-5CDC74E6E48D}.Release|x86.Build.0 = Release|Any CPU
	EndGlobalSection
EndGlobal
